
Microsoft Visual Studio Solution File, Format Version 12.00
# Visual Studio 2013
VisualStudioVersion = 12.0.31101.0
MinimumVisualStudioVersion = 10.0.40219.1
Project("{FAE04EC0-301F-11D3-BF4B-00C04F79EFBC}") = "ApplicationLib", "ApplicationLib\ApplicationLib.csproj", "{D7C32A09-DD50-499F-B10D-BF261BBB245C}"
EndProject
Project("{FAE04EC0-301F-11D3-BF4B-00C04F79EFBC}") = "ApplicationHub", "ApplicationHub\ApplicationHub.csproj", "{EA42DC94-768D-4C35-B98A-8A438C231B20}"
EndProject
Project("{FAE04EC0-301F-11D3-BF4B-00C04F79EFBC}") = "ApplicationDBPersisTence", "ApplicationDBPersisTence\ApplicationDBPersisTence.csproj", "{418AAC00-0663-44D8-9946-B7F5E5350492}"
EndProject
Global
	GlobalSection(SolutionConfigurationPlatforms) = preSolution
		Debug|Any CPU = Debug|Any CPU
		Release|Any CPU = Release|Any CPU
	EndGlobalSection
	GlobalSection(ProjectConfigurationPlatforms) = postSolution
		{D7C32A09-DD50-499F-B10D-BF261BBB245C}.Debug|Any CPU.ActiveCfg = Debug|Any CPU
		{D7C32A09-DD50-499F-B10D-BF261BBB245C}.Debug|Any CPU.Build.0 = Debug|Any CPU
		{D7C32A09-DD50-499F-B10D-BF261BBB245C}.Release|Any CPU.ActiveCfg = Release|Any CPU
		{D7C32A09-DD50-499F-B10D-BF261BBB245C}.Release|Any CPU.Build.0 = Release|Any CPU
		{EA42DC94-768D-4C35-B98A-8A438C231B20}.Debug|Any CPU.ActiveCfg = Debug|Any CPU
		{EA42DC94-768D-4C35-B98A-8A438C231B20}.Debug|Any CPU.Build.0 = Debug|Any CPU
		{EA42DC94-768D-4C35-B98A-8A438C231B20}.Release|Any CPU.ActiveCfg = Release|Any CPU
		{EA42DC94-768D-4C35-B98A-8A438C231B20}.Release|Any CPU.Build.0 = Release|Any CPU
		{418AAC00-0663-44D8-9946-B7F5E5350492}.Debug|Any CPU.ActiveCfg = Debug|Any CPU
		{418AAC00-0663-44D8-9946-B7F5E5350492}.Debug|Any CPU.Build.0 = Debug|Any CPU
		{418AAC00-0663-44D8-9946-B7F5E5350492}.Release|Any CPU.ActiveCfg = Release|Any CPU
		{418AAC00-0663-44D8-9946-B7F5E5350492}.Release|Any CPU.Build.0 = Release|Any CPU
	EndGlobalSection
	GlobalSection(SolutionProperties) = preSolution
		HideSolutionNode = FALSE
	EndGlobalSection
	GlobalSection(ExtensibilityGlobals) = postSolution
		ShowOldMenu = False
		IndexUsingAttrib = False
		FetchGroupUsingAttrib = True
		VersionFieldUsingAttrib = True
	EndGlobalSection
EndGlobal
